
Microsoft Visual Studio Solution File, Format Version 12.00
# Visual Studio Version 17
VisualStudioVersion = 17.3.32811.315
MinimumVisualStudioVersion = 10.0.40219.1
Project("{9A19103F-16F7-4668-BE54-9A1E7A4F7556}") = "Savi_Thrift", "Savi_Thrift\Savi_Thrift.csproj", "{F6FE07FB-2594-4842-B8C9-1B4E38F1A172}"
	ProjectSection(ProjectDependencies) = postProject
		{08E17EFB-91BB-4E82-9D29-7E8260D01B1D} = {08E17EFB-91BB-4E82-9D29-7E8260D01B1D}
		{098ED978-7E9B-4191-8991-D1E18F0BD4CF} = {098ED978-7E9B-4191-8991-D1E18F0BD4CF}
		{4A4CBA19-9E23-4981-9814-9576BB2641BB} = {4A4CBA19-9E23-4981-9814-9576BB2641BB}
		{BA183669-F816-42A5-BE24-A901FAC27175} = {BA183669-F816-42A5-BE24-A901FAC27175}
		{F48C8117-275F-4027-BB0D-CACB177AF320} = {F48C8117-275F-4027-BB0D-CACB177AF320}
		{F9088A51-5FB5-4DD9-843C-660F3416C738} = {F9088A51-5FB5-4DD9-843C-660F3416C738}
	EndProjectSection
EndProject
EndProject
Project("{9A19103F-16F7-4668-BE54-9A1E7A4F7556}") = "Savi_Thrift.Application", "Savi_Thrift.Application\Savi_Thrift.Application.csproj", "{8EC4EFE5-369F-4146-B71F-FCDE7019D910}"
EndProject
Project("{9A19103F-16F7-4668-BE54-9A1E7A4F7556}") = "Savi_Thrift.Common", "Savi_Thrift.Common\Savi_Thrift.Common.csproj", "{661DC23E-0BB6-42FC-831C-747E197D871E}"
EndProject
Project("{9A19103F-16F7-4668-BE54-9A1E7A4F7556}") = "Savi_Thrift.Domain", "Savi_Thrift.Domain\Savi_Thrift.Domain.csproj", "{A844CB4B-231D-434A-9E86-0CEBE96D75B7}"
EndProject
Project("{9A19103F-16F7-4668-BE54-9A1E7A4F7556}") = "Savi_Thrift.Infrastructure", "Savi_Thrift.Infrastructure\Savi_Thrift.Infrastructure.csproj", "{F1183BDA-FF9E-4706-A995-4B560DB95486}"
EndProject
Project("{9A19103F-16F7-4668-BE54-9A1E7A4F7556}") = "Savi_Thrift.Persistence", "Savi_Thrift.Persistence\Savi_Thrift.Persistence.csproj", "{2B835923-FD9B-42E5-A7B4-C59C22FAF1CD}"
EndProject
Project("{9A19103F-16F7-4668-BE54-9A1E7A4F7556}") = "Savi_Thrift.Test", "Savi_Thrift.Test\Savi_Thrift.Test.csproj", "{40EEF234-A714-4A81-BD82-EE99045C74F0}"
EndProject
Global
	GlobalSection(SolutionConfigurationPlatforms) = preSolution
		Debug|Any CPU = Debug|Any CPU
		Release|Any CPU = Release|Any CPU
	EndGlobalSection
	GlobalSection(ProjectConfigurationPlatforms) = postSolution
		{F6FE07FB-2594-4842-B8C9-1B4E38F1A172}.Debug|Any CPU.ActiveCfg = Debug|Any CPU
		{F6FE07FB-2594-4842-B8C9-1B4E38F1A172}.Debug|Any CPU.Build.0 = Debug|Any CPU
		{F6FE07FB-2594-4842-B8C9-1B4E38F1A172}.Release|Any CPU.ActiveCfg = Release|Any CPU
		{F6FE07FB-2594-4842-B8C9-1B4E38F1A172}.Release|Any CPU.Build.0 = Release|Any CPU
		{8EC4EFE5-369F-4146-B71F-FCDE7019D910}.Debug|Any CPU.ActiveCfg = Debug|Any CPU
		{8EC4EFE5-369F-4146-B71F-FCDE7019D910}.Debug|Any CPU.Build.0 = Debug|Any CPU
		{8EC4EFE5-369F-4146-B71F-FCDE7019D910}.Release|Any CPU.ActiveCfg = Release|Any CPU
		{8EC4EFE5-369F-4146-B71F-FCDE7019D910}.Release|Any CPU.Build.0 = Release|Any CPU
		{661DC23E-0BB6-42FC-831C-747E197D871E}.Debug|Any CPU.ActiveCfg = Debug|Any CPU
		{661DC23E-0BB6-42FC-831C-747E197D871E}.Debug|Any CPU.Build.0 = Debug|Any CPU
		{661DC23E-0BB6-42FC-831C-747E197D871E}.Release|Any CPU.ActiveCfg = Release|Any CPU
		{661DC23E-0BB6-42FC-831C-747E197D871E}.Release|Any CPU.Build.0 = Release|Any CPU
		{A844CB4B-231D-434A-9E86-0CEBE96D75B7}.Debug|Any CPU.ActiveCfg = Debug|Any CPU
		{A844CB4B-231D-434A-9E86-0CEBE96D75B7}.Debug|Any CPU.Build.0 = Debug|Any CPU
		{A844CB4B-231D-434A-9E86-0CEBE96D75B7}.Release|Any CPU.ActiveCfg = Release|Any CPU
		{A844CB4B-231D-434A-9E86-0CEBE96D75B7}.Release|Any CPU.Build.0 = Release|Any CPU
		{F1183BDA-FF9E-4706-A995-4B560DB95486}.Debug|Any CPU.ActiveCfg = Debug|Any CPU
		{F1183BDA-FF9E-4706-A995-4B560DB95486}.Debug|Any CPU.Build.0 = Debug|Any CPU
		{F1183BDA-FF9E-4706-A995-4B560DB95486}.Release|Any CPU.ActiveCfg = Release|Any CPU
		{F1183BDA-FF9E-4706-A995-4B560DB95486}.Release|Any CPU.Build.0 = Release|Any CPU
		{2B835923-FD9B-42E5-A7B4-C59C22FAF1CD}.Debug|Any CPU.ActiveCfg = Debug|Any CPU
		{2B835923-FD9B-42E5-A7B4-C59C22FAF1CD}.Debug|Any CPU.Build.0 = Debug|Any CPU
		{2B835923-FD9B-42E5-A7B4-C59C22FAF1CD}.Release|Any CPU.ActiveCfg = Release|Any CPU
		{2B835923-FD9B-42E5-A7B4-C59C22FAF1CD}.Release|Any CPU.Build.0 = Release|Any CPU
		{40EEF234-A714-4A81-BD82-EE99045C74F0}.Debug|Any CPU.ActiveCfg = Debug|Any CPU
		{40EEF234-A714-4A81-BD82-EE99045C74F0}.Debug|Any CPU.Build.0 = Debug|Any CPU
		{40EEF234-A714-4A81-BD82-EE99045C74F0}.Release|Any CPU.ActiveCfg = Release|Any CPU
		{40EEF234-A714-4A81-BD82-EE99045C74F0}.Release|Any CPU.Build.0 = Release|Any CPU
	EndGlobalSection
	GlobalSection(SolutionProperties) = preSolution
		HideSolutionNode = FALSE
	EndGlobalSection
	GlobalSection(ExtensibilityGlobals) = postSolution
		SolutionGuid = {C0F9E5AC-12FC-43B5-936F-43191DACC159}
	EndGlobalSection
EndGlobal
